
Microsoft Visual Studio Solution File, Format Version 12.00
# Visual Studio Version 17
VisualStudioVersion = 17.9.34902.65
MinimumVisualStudioVersion = 10.0.40219.1
Project("{FAE04EC0-301F-11D3-BF4B-00C04F79EFBC}") = "BoutiqueSoap", "BoutiqueSoap.csproj", "{335C76D2-4F8B-49FF-B0BF-2AAECC592182}"
EndProject
Global
	GlobalSection(SolutionConfigurationPlatforms) = preSolution
		Debug|Any CPU = Debug|Any CPU
		Release|Any CPU = Release|Any CPU
	EndGlobalSection
	GlobalSection(ProjectConfigurationPlatforms) = postSolution
		{335C76D2-4F8B-49FF-B0BF-2AAECC592182}.Debug|Any CPU.ActiveCfg = Debug|Any CPU
		{335C76D2-4F8B-49FF-B0BF-2AAECC592182}.Debug|Any CPU.Build.0 = Debug|Any CPU
		{335C76D2-4F8B-49FF-B0BF-2AAECC592182}.Release|Any CPU.ActiveCfg = Release|Any CPU
		{335C76D2-4F8B-49FF-B0BF-2AAECC592182}.Release|Any CPU.Build.0 = Release|Any CPU
	EndGlobalSection
	GlobalSection(SolutionProperties) = preSolution
		HideSolutionNode = FALSE
	EndGlobalSection
	GlobalSection(ExtensibilityGlobals) = postSolution
		SolutionGuid = {21072011-A541-493E-BDD0-128F8FB77851}
	EndGlobalSection
EndGlobal
